// !$*UTF8*$!
{
	archiveVersion = 1;
	classes = {
	};
	objectVersion = 46;
	objects = {

/* Begin PBXBuildFile section */
		8AC434B91A0152AF00404754 /* AppDelegate.swift in Sources */ = {isa = PBXBuildFile; fileRef = 8AC434B81A0152AF00404754 /* AppDelegate.swift */; };
		8AC434BB1A0152AF00404754 /* ViewController.swift in Sources */ = {isa = PBXBuildFile; fileRef = 8AC434BA1A0152AF00404754 /* ViewController.swift */; };
		8AC434BE1A0152AF00404754 /* Main.storyboard in Resources */ = {isa = PBXBuildFile; fileRef = 8AC434BC1A0152AF00404754 /* Main.storyboard */; };
		8AC434C01A0152AF00404754 /* Images.xcassets in Resources */ = {isa = PBXBuildFile; fileRef = 8AC434BF1A0152AF00404754 /* Images.xcassets */; };
		8AC434C31A0152AF00404754 /* LaunchScreen.xib in Resources */ = {isa = PBXBuildFile; fileRef = 8AC434C11A0152AF00404754 /* LaunchScreen.xib */; };
		8AC434CF1A0152B000404754 /* PostcardTests.swift in Sources */ = {isa = PBXBuildFile; fileRef = 8AC434CE1A0152B000404754 /* PostcardTests.swift */; };
/* End PBXBuildFile section */

/* Begin PBXContainerItemProxy section */
		8AC434C91A0152B000404754 /* PBXContainerItemProxy */ = {
			isa = PBXContainerItemProxy;
			containerPortal = 8AC434AB1A0152AD00404754 /* Project object */;
			proxyType = 1;
			remoteGlobalIDString = 8AC434B21A0152AE00404754;
			remoteInfo = Postcard;
		};
/* End PBXContainerItemProxy section */

/* Begin PBXFileReference section */
		8AC434B31A0152AE00404754 /* Postcard.app */ = {isa = PBXFileReference; explicitFileType = wrapper.application; includeInIndex = 0; path = Postcard.app; sourceTree = BUILT_PRODUCTS_DIR; };
		8AC434B71A0152AF00404754 /* Info.plist */ = {isa = PBXFileReference; lastKnownFileType = text.plist.xml; path = Info.plist; sourceTree = "<group>"; };
		8AC434B81A0152AF00404754 /* AppDelegate.swift */ = {isa = PBXFileReference; lastKnownFileType = sourcecode.swift; path = AppDelegate.swift; sourceTree = "<group>"; };
		8AC434BA1A0152AF00404754 /* ViewController.swift */ = {isa = PBXFileReference; lastKnownFileType = sourcecode.swift; path = ViewController.swift; sourceTree = "<group>"; };
		8AC434BD1A0152AF00404754 /* Base */ = {isa = PBXFileReference; lastKnownFileType = file.storyboard; name = Base; path = Base.lproj/Main.storyboard; sourceTree = "<group>"; };
		8AC434BF1A0152AF00404754 /* Images.xcassets */ = {isa = PBXFileReference; lastKnownFileType = folder.assetcatalog; path = Images.xcassets; sourceTree = "<group>"; };
		8AC434C21A0152AF00404754 /* Base */ = {isa = PBXFileReference; lastKnownFileType = file.xib; name = Base; path = Base.lproj/LaunchScreen.xib; sourceTree = "<group>"; };
		8AC434C81A0152B000404754 /* PostcardTests.xctest */ = {isa = PBXFileReference; explicitFileType = wrapper.cfbundle; includeInIndex = 0; path = PostcardTests.xctest; sourceTree = BUILT_PRODUCTS_DIR; };
		8AC434CD1A0152B000404754 /* Info.plist */ = {isa = PBXFileReference; lastKnownFileType = text.plist.xml; path = Info.plist; sourceTree = "<group>"; };
		8AC434CE1A0152B000404754 /* PostcardTests.swift */ = {isa = PBXFileReference; lastKnownFileType = sourcecode.swift; path = PostcardTests.swift; sourceTree = "<group>"; };
/* End PBXFileReference section */

/* Begin PBXFrameworksBuildPhase section */
		8AC434B01A0152AE00404754 /* Frameworks */ = {
			isa = PBXFrameworksBuildPhase;
			buildActionMask = 2147483647;
			files = (
			);
			runOnlyForDeploymentPostprocessing = 0;
		};
		8AC434C51A0152B000404754 /* Frameworks */ = {
			isa = PBXFrameworksBuildPhase;
			buildActionMask = 2147483647;
			files = (
			);
			runOnlyForDeploymentPostprocessing = 0;
		};
/* End PBXFrameworksBuildPhase section */

/* Begin PBXGroup section */
		8AC434AA1A0152AD00404754 = {
			isa = PBXGroup;
			children = (
				8AC434B51A0152AE00404754 /* Postcard */,
				8AC434CB1A0152B000404754 /* PostcardTests */,
				8AC434B41A0152AE00404754 /* Products */,
			);
			sourceTree = "<group>";
		};
		8AC434B41A0152AE00404754 /* Products */ = {
			isa = PBXGroup;
			children = (
				8AC434B31A0152AE00404754 /* Postcard.app */,
				8AC434C81A0152B000404754 /* PostcardTests.xctest */,
			);
			name = Products;
			sourceTree = "<group>";
		};
		8AC434B51A0152AE00404754 /* Postcard */ = {
			isa = PBXGroup;
			children = (
				8AC434B81A0152AF00404754 /* AppDelegate.swift */,
				8AC434BA1A0152AF00404754 /* ViewController.swift */,
				8AC434BC1A0152AF00404754 /* Main.storyboard */,
				8AC434BF1A0152AF00404754 /* Images.xcassets */,
				8AC434C11A0152AF00404754 /* LaunchScreen.xib */,
				8AC434B61A0152AF00404754 /* Supporting Files */,
			);
			path = Postcard;
			sourceTree = "<group>";
		};
		8AC434B61A0152AF00404754 /* Supporting Files */ = {
			isa = PBXGroup;
			children = (
				8AC434B71A0152AF00404754 /* Info.plist */,
			);
			name = "Supporting Files";
			sourceTree = "<group>";
		};
		8AC434CB1A0152B000404754 /* PostcardTests */ = {
			isa = PBXGroup;
			children = (
				8AC434CE1A0152B000404754 /* PostcardTests.swift */,
				8AC434CC1A0152B000404754 /* Supporting Files */,
			);
			path = PostcardTests;
			sourceTree = "<group>";
		};
		8AC434CC1A0152B000404754 /* Supporting Files */ = {
			isa = PBXGroup;
			children = (
				8AC434CD1A0152B000404754 /* Info.plist */,
			);
			name = "Supporting Files";
			sourceTree = "<group>";
		};
/* End PBXGroup section */

/* Begin PBXNativeTarget section */
		8AC434B21A0152AE00404754 /* Postcard */ = {
			isa = PBXNativeTarget;
			buildConfigurationList = 8AC434D21A0152B000404754 /* Build configuration list for PBXNativeTarget "Postcard" */;
			buildPhases = (
				8AC434AF1A0152AE00404754 /* Sources */,
				8AC434B01A0152AE00404754 /* Frameworks */,
				8AC434B11A0152AE00404754 /* Resources */,
			);
			buildRules = (
			);
			dependencies = (
			);
			name = Postcard;
			productName = Postcard;
			productReference = 8AC434B31A0152AE00404754 /* Postcard.app */;
			productType = "com.apple.product-type.application";
		};
		8AC434C71A0152B000404754 /* PostcardTests */ = {
			isa = PBXNativeTarget;
			buildConfigurationList = 8AC434D51A0152B000404754 /* Build configuration list for PBXNativeTarget "PostcardTests" */;
			buildPhases = (
				8AC434C41A0152B000404754 /* Sources */,
				8AC434C51A0152B000404754 /* Frameworks */,
				8AC434C61A0152B000404754 /* Resources */,
			);
			buildRules = (
			);
			dependencies = (
				8AC434CA1A0152B000404754 /* PBXTargetDependency */,
			);
			name = PostcardTests;
			productName = PostcardTests;
			productReference = 8AC434C81A0152B000404754 /* PostcardTests.xctest */;
			productType = "com.apple.product-type.bundle.unit-test";
		};
/* End PBXNativeTarget section */

/* Begin PBXProject section */
		8AC434AB1A0152AD00404754 /* Project object */ = {
			isa = PBXProject;
			attributes = {
				LastUpgradeCheck = 0610;
				ORGANIZATIONNAME = "holo-holo";
				TargetAttributes = {
					8AC434B21A0152AE00404754 = {
						CreatedOnToolsVersion = 6.1;
					};
					8AC434C71A0152B000404754 = {
						CreatedOnToolsVersion = 6.1;
						TestTargetID = 8AC434B21A0152AE00404754;
					};
				};
			};
			buildConfigurationList = 8AC434AE1A0152AD00404754 /* Build configuration list for PBXProject "Postcard" */;
			compatibilityVersion = "Xcode 3.2";
			developmentRegion = English;
			hasScannedForEncodings = 0;
			knownRegions = (
				en,
				Base,
			);
			mainGroup = 8AC434AA1A0152AD00404754;
			productRefGroup = 8AC434B41A0152AE00404754 /* Products */;
			projectDirPath = "";
			projectRoot = "";
			targets = (
				8AC434B21A0152AE00404754 /* Postcard */,
				8AC434C71A0152B000404754 /* PostcardTests */,
			);
		};
/* End PBXProject section */

/* Begin PBXResourcesBuildPhase section */
		8AC434B11A0152AE00404754 /* Resources */ = {
			isa = PBXResourcesBuildPhase;
			buildActionMask = 2147483647;
			files = (
				8AC434BE1A0152AF00404754 /* Main.storyboard in Resources */,
				8AC434C31A0152AF00404754 /* LaunchScreen.xib in Resources */,
				8AC434C01A0152AF00404754 /* Images.xcassets in Resources */,
			);
			runOnlyForDeploymentPostprocessing = 0;
		};
		8AC434C61A0152B000404754 /* Resources */ = {
			isa = PBXResourcesBuildPhase;
			buildActionMask = 2147483647;
			files = (
			);
			runOnlyForDeploymentPostprocessing = 0;
		};
/* End PBXResourcesBuildPhase section */

/* Begin PBXSourcesBuildPhase section */
		8AC434AF1A0152AE00404754 /* Sources */ = {
			isa = PBXSourcesBuildPhase;
			buildActionMask = 2147483647;
			files = (
				8AC434BB1A0152AF00404754 /* ViewController.swift in Sources */,
				8AC434B91A0152AF00404754 /* AppDelegate.swift in Sources */,
			);
			runOnlyForDeploymentPostprocessing = 0;
		};
		8AC434C41A0152B000404754 /* Sources */ = {
			isa = PBXSourcesBuildPhase;
			buildActionMask = 2147483647;
			files = (
				8AC434CF1A0152B000404754 /* PostcardTests.swift in Sources */,
			);
			runOnlyForDeploymentPostprocessing = 0;
		};
/* End PBXSourcesBuildPhase section */

/* Begin PBXTargetDependency section */
		8AC434CA1A0152B000404754 /* PBXTargetDependency */ = {
			isa = PBXTargetDependency;
			target = 8AC434B21A0152AE00404754 /* Postcard */;
			targetProxy = 8AC434C91A0152B000404754 /* PBXContainerItemProxy */;
		};
/* End PBXTargetDependency section */

/* Begin PBXVariantGroup section */
		8AC434BC1A0152AF00404754 /* Main.storyboard */ = {
			isa = PBXVariantGroup;
			children = (
				8AC434BD1A0152AF00404754 /* Base */,
			);
			name = Main.storyboard;
			sourceTree = "<group>";
		};
		8AC434C11A0152AF00404754 /* LaunchScreen.xib */ = {
			isa = PBXVariantGroup;
			children = (
				8AC434C21A0152AF00404754 /* Base */,
			);
			name = LaunchScreen.xib;
			sourceTree = "<group>";
		};
/* End PBXVariantGroup section */

/* Begin XCBuildConfiguration section */
		8AC434D01A0152B000404754 /* Debug */ = {
			isa = XCBuildConfiguration;
			buildSettings = {
				ALWAYS_SEARCH_USER_PATHS = NO;
				CLANG_CXX_LANGUAGE_STANDARD = "gnu++0x";
				CLANG_CXX_LIBRARY = "libc++";
				CLANG_ENABLE_MODULES = YES;
				CLANG_ENABLE_OBJC_ARC = YES;
				CLANG_WARN_BOOL_CONVERSION = YES;
				CLANG_WARN_CONSTANT_CONVERSION = YES;
				CLANG_WARN_DIRECT_OBJC_ISA_USAGE = YES_ERROR;
				CLANG_WARN_EMPTY_BODY = YES;
				CLANG_WARN_ENUM_CONVERSION = YES;
				CLANG_WARN_INT_CONVERSION = YES;
				CLANG_WARN_OBJC_ROOT_CLASS = YES_ERROR;
				CLANG_WARN_UNREACHABLE_CODE = YES;
				CLANG_WARN__DUPLICATE_METHOD_MATCH = YES;
				"CODE_SIGN_IDENTITY[sdk=iphoneos*]" = "iPhone Developer";
				COPY_PHASE_STRIP = NO;
				ENABLE_STRICT_OBJC_MSGSEND = YES;
				GCC_C_LANGUAGE_STANDARD = gnu99;
				GCC_DYNAMIC_NO_PIC = NO;
				GCC_OPTIMIZATION_LEVEL = 0;
				GCC_PREPROCESSOR_DEFINITIONS = (
					"DEBUG=1",
					"$(inherited)",
				);
				GCC_SYMBOLS_PRIVATE_EXTERN = NO;
				GCC_WARN_64_TO_32_BIT_CONVERSION = YES;
				GCC_WARN_ABOUT_RETURN_TYPE = YES_ERROR;
				GCC_WARN_UNDECLARED_SELECTOR = YES;
				GCC_WARN_UNINITIALIZED_AUTOS = YES_AGGRESSIVE;
				GCC_WARN_UNUSED_FUNCTION = YES;
				GCC_WARN_UNUSED_VARIABLE = YES;
				IPHONEOS_DEPLOYMENT_TARGET = 8.1;
				MTL_ENABLE_DEBUG_INFO = YES;
				ONLY_ACTIVE_ARCH = YES;
				SDKROOT = iphoneos;
				SWIFT_OPTIMIZATION_LEVEL = "-Onone";
				TARGETED_DEVICE_FAMILY = "1,2";
			};
			name = Debug;
		};
		8AC434D11A0152B000404754 /* Release */ = {
			isa = XCBuildConfiguration;
			buildSettings = {
				ALWAYS_SEARCH_USER_PATHS = NO;
				CLANG_CXX_LANGUAGE_STANDARD = "gnu++0x";
				CLANG_CXX_LIBRARY = "libc++";
				CLANG_ENABLE_MODULES = YES;
				CLANG_ENABLE_OBJC_ARC = YES;
				CLANG_WARN_BOOL_CONVERSION = YES;
				CLANG_WARN_CONSTANT_CONVERSION = YES;
				CLANG_WARN_DIRECT_OBJC_ISA_USAGE = YES_ERROR;
				CLANG_WARN_EMPTY_BODY = YES;
				CLANG_WARN_ENUM_CONVERSION = YES;
				CLANG_WARN_INT_CONVERSION = YES;
				CLANG_WARN_OBJC_ROOT_CLASS = YES_ERROR;
				CLANG_WARN_UNREACHABLE_CODE = YES;
				CLANG_WARN__DUPLICATE_METHOD_MATCH = YES;
				"CODE_SIGN_IDENTITY[sdk=iphoneos*]" = "iPhone Developer";
				COPY_PHASE_STRIP = YES;
				ENABLE_NS_ASSERTIONS = NO;
				ENABLE_STRICT_OBJC_MSGSEND = YES;
				GCC_C_LANGUAGE_STANDARD = gnu99;
				GCC_WARN_64_TO_32_BIT_CONVERSION = YES;
				GCC_WARN_ABOUT_RETURN_TYPE = YES_ERROR;
				GCC_WARN_UNDECLARED_SELECTOR = YES;
				GCC_WARN_UNINITIALIZED_AUTOS = YES_AGGRESSIVE;
				GCC_WARN_UNUSED_FUNCTION = YES;
				GCC_WARN_UNUSED_VARIABLE = YES;
				IPHONEOS_DEPLOYMENT_TARGET = 8.1;
				MTL_ENABLE_DEBUG_INFO = NO;
				SDKROOT = iphoneos;
				TARGETED_DEVICE_FAMILY = "1,2";
				VALIDATE_PRODUCT = YES;
			};
			name = Release;
		};
		8AC434D31A0152B000404754 /* Debug */ = {
			isa = XCBuildConfiguration;
			buildSettings = {
				ASSETCATALOG_COMPILER_APPICON_NAME = AppIcon;
				INFOPLIST_FILE = Postcard/Info.plist;
				LD_RUNPATH_SEARCH_PATHS = "$(inherited) @executable_path/Frameworks";
				PRODUCT_NAME = "$(TARGET_NAME)";
			};
			name = Debug;
		};
		8AC434D41A0152B000404754 /* Release */ = {
			isa = XCBuildConfiguration;
			buildSettings = {
				ASSETCATALOG_COMPILER_APPICON_NAME = AppIcon;
				INFOPLIST_FILE = Postcard/Info.plist;
				LD_RUNPATH_SEARCH_PATHS = "$(inherited) @executable_path/Frameworks";
				PRODUCT_NAME = "$(TARGET_NAME)";
			};
			name = Release;
		};
		8AC434D61A0152B000404754 /* Debug */ = {
			isa = XCBuildConfiguration;
			buildSettings = {
				BUNDLE_LOADER = "$(TEST_HOST)";
				FRAMEWORK_SEARCH_PATHS = (
					"$(SDKROOT)/Developer/Library/Frameworks",
					"$(inherited)",
				);
				GCC_PREPROCESSOR_DEFINITIONS = (
					"DEBUG=1",
					"$(inherited)",
				);
				INFOPLIST_FILE = PostcardTests/Info.plist;
				LD_RUNPATH_SEARCH_PATHS = "$(inherited) @executable_path/Frameworks @loader_path/Frameworks";
				PRODUCT_NAME = "$(TARGET_NAME)";
				TEST_HOST = "$(BUILT_PRODUCTS_DIR)/Postcard.app/Postcard";
			};
			name = Debug;
		};
		8AC434D71A0152B000404754 /* Release */ = {
			isa = XCBuildConfiguration;
			buildSettings = {
				BUNDLE_LOADER = "$(TEST_HOST)";
				FRAMEWORK_SEARCH_PATHS = (
					"$(SDKROOT)/Developer/Library/Frameworks",
					"$(inherited)",
				);
				INFOPLIST_FILE = PostcardTests/Info.plist;
				LD_RUNPATH_SEARCH_PATHS = "$(inherited) @executable_path/Frameworks @loader_path/Frameworks";
				PRODUCT_NAME = "$(TARGET_NAME)";
				TEST_HOST = "$(BUILT_PRODUCTS_DIR)/Postcard.app/Postcard";
			};
			name = Release;
		};
/* End XCBuildConfiguration section */

/* Begin XCConfigurationList section */
		8AC434AE1A0152AD00404754 /* Build configuration list for PBXProject "Postcard" */ = {
			isa = XCConfigurationList;
			buildConfigurations = (
				8AC434D01A0152B000404754 /* Debug */,
				8AC434D11A0152B000404754 /* Release */,
			);
			defaultConfigurationIsVisible = 0;
			defaultConfigurationName = Release;
		};
		8AC434D21A0152B000404754 /* Build configuration list for PBXNativeTarget "Postcard" */ = {
			isa = XCConfigurationList;
			buildConfigurations = (
				8AC434D31A0152B000404754 /* Debug */,
				8AC434D41A0152B000404754 /* Release */,
			);
			defaultConfigurationIsVisible = 0;
		};
		8AC434D51A0152B000404754 /* Build configuration list for PBXNativeTarget "PostcardTests" */ = {
			isa = XCConfigurationList;
			buildConfigurations = (
				8AC434D61A0152B000404754 /* Debug */,
				8AC434D71A0152B000404754 /* Release */,
			);
			defaultConfigurationIsVisible = 0;
		};
/* End XCConfigurationList section */
	};
	rootObject = 8AC434AB1A0152AD00404754 /* Project object */;
}
